// !$*UTF8*$!
{
	archiveVersion = 1;
	classes = {
	};
	objectVersion = 50;
	objects = {

/* Begin PBXBuildFile section */
		FE768AC92112B81F00067370 /* Frameworks in Resources */ = {isa = PBXBuildFile; fileRef = FE768AC82112B81F00067370 /* Frameworks */; };
		FE768ACC2112B8E900067370 /* Alamofire.framework in Frameworks */ = {isa = PBXBuildFile; fileRef = FE768ACB2112B8E900067370 /* Alamofire.framework */; };
		FE768ACE2112B8E900067370 /* Bond.framework in Frameworks */ = {isa = PBXBuildFile; fileRef = FE768ACD2112B8E900067370 /* Bond.framework */; };
		FE768AD02112B8E900067370 /* Kingfisher.framework in Frameworks */ = {isa = PBXBuildFile; fileRef = FE768ACF2112B8E900067370 /* Kingfisher.framework */; };
		FE768AD22112B90A00067370 /* DisplayableMovieSummary.swift in Sources */ = {isa = PBXBuildFile; fileRef = FE768AD12112B90A00067370 /* DisplayableMovieSummary.swift */; };
		FEC8C5DB21106B03005A1CA6 /* AppDelegate.swift in Sources */ = {isa = PBXBuildFile; fileRef = FEC8C5DA21106B03005A1CA6 /* AppDelegate.swift */; };
		FEC8C5E021106B03005A1CA6 /* Main.storyboard in Resources */ = {isa = PBXBuildFile; fileRef = FEC8C5DE21106B03005A1CA6 /* Main.storyboard */; };
		FEC8C5E221106B05005A1CA6 /* Assets.xcassets in Resources */ = {isa = PBXBuildFile; fileRef = FEC8C5E121106B05005A1CA6 /* Assets.xcassets */; };
		FEC8C5E521106B05005A1CA6 /* LaunchScreen.storyboard in Resources */ = {isa = PBXBuildFile; fileRef = FEC8C5E321106B05005A1CA6 /* LaunchScreen.storyboard */; };
		FEC8C5F021106B06005A1CA6 /* FreelancerTestTests.swift in Sources */ = {isa = PBXBuildFile; fileRef = FEC8C5EF21106B06005A1CA6 /* FreelancerTestTests.swift */; };
		FEC8C5FB211074FD005A1CA6 /* FreelancerTestMovieListViewController.swift in Sources */ = {isa = PBXBuildFile; fileRef = FEC8C5FA211074FD005A1CA6 /* FreelancerTestMovieListViewController.swift */; };
		FEC8C600211076A2005A1CA6 /* MovieListProvider.swift in Sources */ = {isa = PBXBuildFile; fileRef = FEC8C5FF211076A2005A1CA6 /* MovieListProvider.swift */; };
		FEC8C6022110770E005A1CA6 /* DisplayableMovie.swift in Sources */ = {isa = PBXBuildFile; fileRef = FEC8C6012110770E005A1CA6 /* DisplayableMovie.swift */; };
		FEC8C60421107876005A1CA6 /* MovieListTableViewCell.swift in Sources */ = {isa = PBXBuildFile; fileRef = FEC8C60321107876005A1CA6 /* MovieListTableViewCell.swift */; };
		FEC8C60721107B8B005A1CA6 /* Movie.swift in Sources */ = {isa = PBXBuildFile; fileRef = FEC8C60621107B8B005A1CA6 /* Movie.swift */; };
		FEC8C60A2111257B005A1CA6 /* Channel.swift in Sources */ = {isa = PBXBuildFile; fileRef = FEC8C6092111257B005A1CA6 /* Channel.swift */; };
		FEC8C60C21112583005A1CA6 /* Rating.swift in Sources */ = {isa = PBXBuildFile; fileRef = FEC8C60B21112583005A1CA6 /* Rating.swift */; };
		FEC8C60E21113AC1005A1CA6 /* MovieListProviderMock.swift in Sources */ = {isa = PBXBuildFile; fileRef = FEC8C60D21113AC1005A1CA6 /* MovieListProviderMock.swift */; };
/* End PBXBuildFile section */

/* Begin PBXContainerItemProxy section */
		FEC8C5EC21106B06005A1CA6 /* PBXContainerItemProxy */ = {
			isa = PBXContainerItemProxy;
			containerPortal = FEC8C5CF21106B03005A1CA6 /* Project object */;
			proxyType = 1;
			remoteGlobalIDString = FEC8C5D621106B03005A1CA6;
			remoteInfo = FreelancerTest;
		};
/* End PBXContainerItemProxy section */

/* Begin PBXFileReference section */
		FE768AC82112B81F00067370 /* Frameworks */ = {isa = PBXFileReference; lastKnownFileType = folder; path = Frameworks; sourceTree = "<group>"; };
		FE768ACB2112B8E900067370 /* Alamofire.framework */ = {isa = PBXFileReference; lastKnownFileType = wrapper.framework; name = Alamofire.framework; path = FreelancerTest/Frameworks/Alamofire.framework; sourceTree = "<group>"; };
		FE768ACD2112B8E900067370 /* Bond.framework */ = {isa = PBXFileReference; lastKnownFileType = wrapper.framework; name = Bond.framework; path = FreelancerTest/Frameworks/Bond.framework; sourceTree = "<group>"; };
		FE768ACF2112B8E900067370 /* Kingfisher.framework */ = {isa = PBXFileReference; lastKnownFileType = wrapper.framework; name = Kingfisher.framework; path = FreelancerTest/Frameworks/Kingfisher.framework; sourceTree = "<group>"; };
		FE768AD12112B90A00067370 /* DisplayableMovieSummary.swift */ = {isa = PBXFileReference; lastKnownFileType = sourcecode.swift; path = DisplayableMovieSummary.swift; sourceTree = "<group>"; };
		FEC8C5D721106B03005A1CA6 /* FreelancerTest.app */ = {isa = PBXFileReference; explicitFileType = wrapper.application; includeInIndex = 0; path = FreelancerTest.app; sourceTree = BUILT_PRODUCTS_DIR; };
		FEC8C5DA21106B03005A1CA6 /* AppDelegate.swift */ = {isa = PBXFileReference; lastKnownFileType = sourcecode.swift; path = AppDelegate.swift; sourceTree = "<group>"; };
		FEC8C5DF21106B03005A1CA6 /* Base */ = {isa = PBXFileReference; lastKnownFileType = file.storyboard; name = Base; path = Base.lproj/Main.storyboard; sourceTree = "<group>"; };
		FEC8C5E121106B05005A1CA6 /* Assets.xcassets */ = {isa = PBXFileReference; lastKnownFileType = folder.assetcatalog; path = Assets.xcassets; sourceTree = "<group>"; };
		FEC8C5E421106B05005A1CA6 /* Base */ = {isa = PBXFileReference; lastKnownFileType = file.storyboard; name = Base; path = Base.lproj/LaunchScreen.storyboard; sourceTree = "<group>"; };
		FEC8C5E621106B05005A1CA6 /* Info.plist */ = {isa = PBXFileReference; lastKnownFileType = text.plist.xml; path = Info.plist; sourceTree = "<group>"; };
		FEC8C5EB21106B06005A1CA6 /* FreelancerTestTests.xctest */ = {isa = PBXFileReference; explicitFileType = wrapper.cfbundle; includeInIndex = 0; path = FreelancerTestTests.xctest; sourceTree = BUILT_PRODUCTS_DIR; };
		FEC8C5EF21106B06005A1CA6 /* FreelancerTestTests.swift */ = {isa = PBXFileReference; lastKnownFileType = sourcecode.swift; path = FreelancerTestTests.swift; sourceTree = "<group>"; };
		FEC8C5F121106B06005A1CA6 /* Info.plist */ = {isa = PBXFileReference; lastKnownFileType = text.plist.xml; path = Info.plist; sourceTree = "<group>"; };
		FEC8C5FA211074FD005A1CA6 /* FreelancerTestMovieListViewController.swift */ = {isa = PBXFileReference; lastKnownFileType = sourcecode.swift; path = FreelancerTestMovieListViewController.swift; sourceTree = "<group>"; };
		FEC8C5FF211076A2005A1CA6 /* MovieListProvider.swift */ = {isa = PBXFileReference; lastKnownFileType = sourcecode.swift; path = MovieListProvider.swift; sourceTree = "<group>"; };
		FEC8C6012110770E005A1CA6 /* DisplayableMovie.swift */ = {isa = PBXFileReference; lastKnownFileType = sourcecode.swift; path = DisplayableMovie.swift; sourceTree = "<group>"; };
		FEC8C60321107876005A1CA6 /* MovieListTableViewCell.swift */ = {isa = PBXFileReference; lastKnownFileType = sourcecode.swift; path = MovieListTableViewCell.swift; sourceTree = "<group>"; };
		FEC8C60621107B8B005A1CA6 /* Movie.swift */ = {isa = PBXFileReference; lastKnownFileType = sourcecode.swift; path = Movie.swift; sourceTree = "<group>"; };
		FEC8C6092111257B005A1CA6 /* Channel.swift */ = {isa = PBXFileReference; lastKnownFileType = sourcecode.swift; path = Channel.swift; sourceTree = "<group>"; };
		FEC8C60B21112583005A1CA6 /* Rating.swift */ = {isa = PBXFileReference; lastKnownFileType = sourcecode.swift; path = Rating.swift; sourceTree = "<group>"; };
		FEC8C60D21113AC1005A1CA6 /* MovieListProviderMock.swift */ = {isa = PBXFileReference; lastKnownFileType = sourcecode.swift; path = MovieListProviderMock.swift; sourceTree = "<group>"; };
/* End PBXFileReference section */

/* Begin PBXFrameworksBuildPhase section */
		FEC8C5D421106B03005A1CA6 /* Frameworks */ = {
			isa = PBXFrameworksBuildPhase;
			buildActionMask = 2147483647;
			files = (
				FE768ACC2112B8E900067370 /* Alamofire.framework in Frameworks */,
				FE768ACE2112B8E900067370 /* Bond.framework in Frameworks */,
				FE768AD02112B8E900067370 /* Kingfisher.framework in Frameworks */,
			);
			runOnlyForDeploymentPostprocessing = 0;
		};
		FEC8C5E821106B06005A1CA6 /* Frameworks */ = {
			isa = PBXFrameworksBuildPhase;
			buildActionMask = 2147483647;
			files = (
			);
			runOnlyForDeploymentPostprocessing = 0;
		};
/* End PBXFrameworksBuildPhase section */

/* Begin PBXGroup section */
		FE768ACA2112B8E900067370 /* Frameworks */ = {
			isa = PBXGroup;
			children = (
				FE768ACB2112B8E900067370 /* Alamofire.framework */,
				FE768ACD2112B8E900067370 /* Bond.framework */,
				FE768ACF2112B8E900067370 /* Kingfisher.framework */,
			);
			name = Frameworks;
			sourceTree = "<group>";
		};
		FEC8C5CE21106B03005A1CA6 = {
			isa = PBXGroup;
			children = (
				FEC8C5D921106B03005A1CA6 /* FreelancerTest */,
				FEC8C5EE21106B06005A1CA6 /* FreelancerTestTests */,
				FEC8C5D821106B03005A1CA6 /* Products */,
				FE768ACA2112B8E900067370 /* Frameworks */,
			);
			sourceTree = "<group>";
		};
		FEC8C5D821106B03005A1CA6 /* Products */ = {
			isa = PBXGroup;
			children = (
				FEC8C5D721106B03005A1CA6 /* FreelancerTest.app */,
				FEC8C5EB21106B06005A1CA6 /* FreelancerTestTests.xctest */,
			);
			name = Products;
			sourceTree = "<group>";
		};
		FEC8C5D921106B03005A1CA6 /* FreelancerTest */ = {
			isa = PBXGroup;
			children = (
				FEC8C6082111255A005A1CA6 /* Enums */,
				FEC8C60521107B7D005A1CA6 /* Structures */,
				FEC8C5FD21107641005A1CA6 /* Protocols */,
				FEC8C5FC2110761E005A1CA6 /* ViewModel */,
				FEC8C5DA21106B03005A1CA6 /* AppDelegate.swift */,
				FEC8C5DE21106B03005A1CA6 /* Main.storyboard */,
				FEC8C5E121106B05005A1CA6 /* Assets.xcassets */,
				FEC8C5E321106B05005A1CA6 /* LaunchScreen.storyboard */,
				FEC8C5E621106B05005A1CA6 /* Info.plist */,
				FEC8C5FA211074FD005A1CA6 /* FreelancerTestMovieListViewController.swift */,
				FEC8C60321107876005A1CA6 /* MovieListTableViewCell.swift */,
				FE768AC82112B81F00067370 /* Frameworks */,
			);
			path = FreelancerTest;
			sourceTree = "<group>";
		};
		FEC8C5EE21106B06005A1CA6 /* FreelancerTestTests */ = {
			isa = PBXGroup;
			children = (
				FEC8C5EF21106B06005A1CA6 /* FreelancerTestTests.swift */,
				FEC8C5F121106B06005A1CA6 /* Info.plist */,
			);
			path = FreelancerTestTests;
			sourceTree = "<group>";
		};
		FEC8C5FC2110761E005A1CA6 /* ViewModel */ = {
			isa = PBXGroup;
			children = (
				FEC8C60D21113AC1005A1CA6 /* MovieListProviderMock.swift */,
			);
			path = ViewModel;
			sourceTree = "<group>";
		};
		FEC8C5FD21107641005A1CA6 /* Protocols */ = {
			isa = PBXGroup;
			children = (
				FEC8C5FF211076A2005A1CA6 /* MovieListProvider.swift */,
				FEC8C6012110770E005A1CA6 /* DisplayableMovie.swift */,
				FE768AD12112B90A00067370 /* DisplayableMovieSummary.swift */,
			);
			path = Protocols;
			sourceTree = "<group>";
		};
		FEC8C60521107B7D005A1CA6 /* Structures */ = {
			isa = PBXGroup;
			children = (
				FEC8C60621107B8B005A1CA6 /* Movie.swift */,
			);
			path = Structures;
			sourceTree = "<group>";
		};
		FEC8C6082111255A005A1CA6 /* Enums */ = {
			isa = PBXGroup;
			children = (
				FEC8C6092111257B005A1CA6 /* Channel.swift */,
				FEC8C60B21112583005A1CA6 /* Rating.swift */,
			);
			path = Enums;
			sourceTree = "<group>";
		};
/* End PBXGroup section */

/* Begin PBXNativeTarget section */
		FEC8C5D621106B03005A1CA6 /* FreelancerTest */ = {
			isa = PBXNativeTarget;
			buildConfigurationList = FEC8C5F421106B06005A1CA6 /* Build configuration list for PBXNativeTarget "FreelancerTest" */;
			buildPhases = (
				FEC8C5D321106B03005A1CA6 /* Sources */,
				FEC8C5D421106B03005A1CA6 /* Frameworks */,
				FEC8C5D521106B03005A1CA6 /* Resources */,
			);
			buildRules = (
			);
			dependencies = (
			);
			name = FreelancerTest;
			productName = FreelancerTest;
			productReference = FEC8C5D721106B03005A1CA6 /* FreelancerTest.app */;
			productType = "com.apple.product-type.application";
		};
		FEC8C5EA21106B06005A1CA6 /* FreelancerTestTests */ = {
			isa = PBXNativeTarget;
			buildConfigurationList = FEC8C5F721106B06005A1CA6 /* Build configuration list for PBXNativeTarget "FreelancerTestTests" */;
			buildPhases = (
				FEC8C5E721106B06005A1CA6 /* Sources */,
				FEC8C5E821106B06005A1CA6 /* Frameworks */,
				FEC8C5E921106B06005A1CA6 /* Resources */,
			);
			buildRules = (
			);
			dependencies = (
				FEC8C5ED21106B06005A1CA6 /* PBXTargetDependency */,
			);
			name = FreelancerTestTests;
			productName = FreelancerTestTests;
			productReference = FEC8C5EB21106B06005A1CA6 /* FreelancerTestTests.xctest */;
			productType = "com.apple.product-type.bundle.unit-test";
		};
/* End PBXNativeTarget section */

/* Begin PBXProject section */
		FEC8C5CF21106B03005A1CA6 /* Project object */ = {
			isa = PBXProject;
			attributes = {
				LastSwiftUpdateCheck = 0940;
				LastUpgradeCheck = 0940;
				ORGANIZATIONNAME = "Christian John Lo";
				TargetAttributes = {
					FEC8C5D621106B03005A1CA6 = {
						CreatedOnToolsVersion = 9.4;
					};
					FEC8C5EA21106B06005A1CA6 = {
						CreatedOnToolsVersion = 9.4;
						TestTargetID = FEC8C5D621106B03005A1CA6;
					};
				};
			};
			buildConfigurationList = FEC8C5D221106B03005A1CA6 /* Build configuration list for PBXProject "FreelancerTest" */;
			compatibilityVersion = "Xcode 9.3";
			developmentRegion = en;
			hasScannedForEncodings = 0;
			knownRegions = (
				en,
				Base,
			);
			mainGroup = FEC8C5CE21106B03005A1CA6;
			productRefGroup = FEC8C5D821106B03005A1CA6 /* Products */;
			projectDirPath = "";
			projectRoot = "";
			targets = (
				FEC8C5D621106B03005A1CA6 /* FreelancerTest */,
				FEC8C5EA21106B06005A1CA6 /* FreelancerTestTests */,
			);
		};
/* End PBXProject section */

/* Begin PBXResourcesBuildPhase section */
		FEC8C5D521106B03005A1CA6 /* Resources */ = {
			isa = PBXResourcesBuildPhase;
			buildActionMask = 2147483647;
			files = (
				FEC8C5E521106B05005A1CA6 /* LaunchScreen.storyboard in Resources */,
				FEC8C5E221106B05005A1CA6 /* Assets.xcassets in Resources */,
				FEC8C5E021106B03005A1CA6 /* Main.storyboard in Resources */,
				FE768AC92112B81F00067370 /* Frameworks in Resources */,
			);
			runOnlyForDeploymentPostprocessing = 0;
		};
		FEC8C5E921106B06005A1CA6 /* Resources */ = {
			isa = PBXResourcesBuildPhase;
			buildActionMask = 2147483647;
			files = (
			);
			runOnlyForDeploymentPostprocessing = 0;
		};
/* End PBXResourcesBuildPhase section */

/* Begin PBXSourcesBuildPhase section */
		FEC8C5D321106B03005A1CA6 /* Sources */ = {
			isa = PBXSourcesBuildPhase;
			buildActionMask = 2147483647;
			files = (
				FEC8C60A2111257B005A1CA6 /* Channel.swift in Sources */,
				FEC8C600211076A2005A1CA6 /* MovieListProvider.swift in Sources */,
				FEC8C60E21113AC1005A1CA6 /* MovieListProviderMock.swift in Sources */,
				FEC8C5FB211074FD005A1CA6 /* FreelancerTestMovieListViewController.swift in Sources */,
				FEC8C60721107B8B005A1CA6 /* Movie.swift in Sources */,
				FEC8C60C21112583005A1CA6 /* Rating.swift in Sources */,
				FEC8C5DB21106B03005A1CA6 /* AppDelegate.swift in Sources */,
				FEC8C60421107876005A1CA6 /* MovieListTableViewCell.swift in Sources */,
				FE768AD22112B90A00067370 /* DisplayableMovieSummary.swift in Sources */,
				FEC8C6022110770E005A1CA6 /* DisplayableMovie.swift in Sources */,
			);
			runOnlyForDeploymentPostprocessing = 0;
		};
		FEC8C5E721106B06005A1CA6 /* Sources */ = {
			isa = PBXSourcesBuildPhase;
			buildActionMask = 2147483647;
			files = (
				FEC8C5F021106B06005A1CA6 /* FreelancerTestTests.swift in Sources */,
			);
			runOnlyForDeploymentPostprocessing = 0;
		};
/* End PBXSourcesBuildPhase section */

/* Begin PBXTargetDependency section */
		FEC8C5ED21106B06005A1CA6 /* PBXTargetDependency */ = {
			isa = PBXTargetDependency;
			target = FEC8C5D621106B03005A1CA6 /* FreelancerTest */;
			targetProxy = FEC8C5EC21106B06005A1CA6 /* PBXContainerItemProxy */;
		};
/* End PBXTargetDependency section */

/* Begin PBXVariantGroup section */
		FEC8C5DE21106B03005A1CA6 /* Main.storyboard */ = {
			isa = PBXVariantGroup;
			children = (
				FEC8C5DF21106B03005A1CA6 /* Base */,
			);
			name = Main.storyboard;
			sourceTree = "<group>";
		};
		FEC8C5E321106B05005A1CA6 /* LaunchScreen.storyboard */ = {
			isa = PBXVariantGroup;
			children = (
				FEC8C5E421106B05005A1CA6 /* Base */,
			);
			name = LaunchScreen.storyboard;
			sourceTree = "<group>";
		};
/* End PBXVariantGroup section */

/* Begin XCBuildConfiguration section */
		FEC8C5F221106B06005A1CA6 /* Debug */ = {
			isa = XCBuildConfiguration;
			buildSettings = {
				ALWAYS_SEARCH_USER_PATHS = NO;
				CLANG_ANALYZER_NONNULL = YES;
				CLANG_ANALYZER_NUMBER_OBJECT_CONVERSION = YES_AGGRESSIVE;
				CLANG_CXX_LANGUAGE_STANDARD = "gnu++14";
				CLANG_CXX_LIBRARY = "libc++";
				CLANG_ENABLE_MODULES = YES;
				CLANG_ENABLE_OBJC_ARC = YES;
				CLANG_ENABLE_OBJC_WEAK = YES;
				CLANG_WARN_BLOCK_CAPTURE_AUTORELEASING = YES;
				CLANG_WARN_BOOL_CONVERSION = YES;
				CLANG_WARN_COMMA = YES;
				CLANG_WARN_CONSTANT_CONVERSION = YES;
				CLANG_WARN_DEPRECATED_OBJC_IMPLEMENTATIONS = YES;
				CLANG_WARN_DIRECT_OBJC_ISA_USAGE = YES_ERROR;
				CLANG_WARN_DOCUMENTATION_COMMENTS = YES;
				CLANG_WARN_EMPTY_BODY = YES;
				CLANG_WARN_ENUM_CONVERSION = YES;
				CLANG_WARN_INFINITE_RECURSION = YES;
				CLANG_WARN_INT_CONVERSION = YES;
				CLANG_WARN_NON_LITERAL_NULL_CONVERSION = YES;
				CLANG_WARN_OBJC_IMPLICIT_RETAIN_SELF = YES;
				CLANG_WARN_OBJC_LITERAL_CONVERSION = YES;
				CLANG_WARN_OBJC_ROOT_CLASS = YES_ERROR;
				CLANG_WARN_RANGE_LOOP_ANALYSIS = YES;
				CLANG_WARN_STRICT_PROTOTYPES = YES;
				CLANG_WARN_SUSPICIOUS_MOVE = YES;
				CLANG_WARN_UNGUARDED_AVAILABILITY = YES_AGGRESSIVE;
				CLANG_WARN_UNREACHABLE_CODE = YES;
				CLANG_WARN__DUPLICATE_METHOD_MATCH = YES;
				CODE_SIGN_IDENTITY = "iPhone Developer";
				COPY_PHASE_STRIP = NO;
				DEBUG_INFORMATION_FORMAT = dwarf;
				ENABLE_STRICT_OBJC_MSGSEND = YES;
				ENABLE_TESTABILITY = YES;
				GCC_C_LANGUAGE_STANDARD = gnu11;
				GCC_DYNAMIC_NO_PIC = NO;
				GCC_NO_COMMON_BLOCKS = YES;
				GCC_OPTIMIZATION_LEVEL = 0;
				GCC_PREPROCESSOR_DEFINITIONS = (
					"DEBUG=1",
					"$(inherited)",
				);
				GCC_WARN_64_TO_32_BIT_CONVERSION = YES;
				GCC_WARN_ABOUT_RETURN_TYPE = YES_ERROR;
				GCC_WARN_UNDECLARED_SELECTOR = YES;
				GCC_WARN_UNINITIALIZED_AUTOS = YES_AGGRESSIVE;
				GCC_WARN_UNUSED_FUNCTION = YES;
				GCC_WARN_UNUSED_VARIABLE = YES;
				IPHONEOS_DEPLOYMENT_TARGET = 11.4;
				MTL_ENABLE_DEBUG_INFO = YES;
				ONLY_ACTIVE_ARCH = YES;
				SDKROOT = iphoneos;
				SWIFT_ACTIVE_COMPILATION_CONDITIONS = DEBUG;
				SWIFT_OPTIMIZATION_LEVEL = "-Onone";
			};
			name = Debug;
		};
		FEC8C5F321106B06005A1CA6 /* Release */ = {
			isa = XCBuildConfiguration;
			buildSettings = {
				ALWAYS_SEARCH_USER_PATHS = NO;
				CLANG_ANALYZER_NONNULL = YES;
				CLANG_ANALYZER_NUMBER_OBJECT_CONVERSION = YES_AGGRESSIVE;
				CLANG_CXX_LANGUAGE_STANDARD = "gnu++14";
				CLANG_CXX_LIBRARY = "libc++";
				CLANG_ENABLE_MODULES = YES;
				CLANG_ENABLE_OBJC_ARC = YES;
				CLANG_ENABLE_OBJC_WEAK = YES;
				CLANG_WARN_BLOCK_CAPTURE_AUTORELEASING = YES;
				CLANG_WARN_BOOL_CONVERSION = YES;
				CLANG_WARN_COMMA = YES;
				CLANG_WARN_CONSTANT_CONVERSION = YES;
				CLANG_WARN_DEPRECATED_OBJC_IMPLEMENTATIONS = YES;
				CLANG_WARN_DIRECT_OBJC_ISA_USAGE = YES_ERROR;
				CLANG_WARN_DOCUMENTATION_COMMENTS = YES;
				CLANG_WARN_EMPTY_BODY = YES;
				CLANG_WARN_ENUM_CONVERSION = YES;
				CLANG_WARN_INFINITE_RECURSION = YES;
				CLANG_WARN_INT_CONVERSION = YES;
				CLANG_WARN_NON_LITERAL_NULL_CONVERSION = YES;
				CLANG_WARN_OBJC_IMPLICIT_RETAIN_SELF = YES;
				CLANG_WARN_OBJC_LITERAL_CONVERSION = YES;
				CLANG_WARN_OBJC_ROOT_CLASS = YES_ERROR;
				CLANG_WARN_RANGE_LOOP_ANALYSIS = YES;
				CLANG_WARN_STRICT_PROTOTYPES = YES;
				CLANG_WARN_SUSPICIOUS_MOVE = YES;
				CLANG_WARN_UNGUARDED_AVAILABILITY = YES_AGGRESSIVE;
				CLANG_WARN_UNREACHABLE_CODE = YES;
				CLANG_WARN__DUPLICATE_METHOD_MATCH = YES;
				CODE_SIGN_IDENTITY = "iPhone Developer";
				COPY_PHASE_STRIP = NO;
				DEBUG_INFORMATION_FORMAT = "dwarf-with-dsym";
				ENABLE_NS_ASSERTIONS = NO;
				ENABLE_STRICT_OBJC_MSGSEND = YES;
				GCC_C_LANGUAGE_STANDARD = gnu11;
				GCC_NO_COMMON_BLOCKS = YES;
				GCC_WARN_64_TO_32_BIT_CONVERSION = YES;
				GCC_WARN_ABOUT_RETURN_TYPE = YES_ERROR;
				GCC_WARN_UNDECLARED_SELECTOR = YES;
				GCC_WARN_UNINITIALIZED_AUTOS = YES_AGGRESSIVE;
				GCC_WARN_UNUSED_FUNCTION = YES;
				GCC_WARN_UNUSED_VARIABLE = YES;
				IPHONEOS_DEPLOYMENT_TARGET = 11.4;
				MTL_ENABLE_DEBUG_INFO = NO;
				SDKROOT = iphoneos;
				SWIFT_COMPILATION_MODE = wholemodule;
				SWIFT_OPTIMIZATION_LEVEL = "-O";
				VALIDATE_PRODUCT = YES;
			};
			name = Release;
		};
		FEC8C5F521106B06005A1CA6 /* Debug */ = {
			isa = XCBuildConfiguration;
			buildSettings = {
				ASSETCATALOG_COMPILER_APPICON_NAME = AppIcon;
				CODE_SIGN_STYLE = Automatic;
				DEVELOPMENT_TEAM = P6JRBSNQBX;
				FRAMEWORK_SEARCH_PATHS = (
					"$(inherited)",
					"$(PROJECT_DIR)/FreelancerTest/Frameworks",
				);
				INFOPLIST_FILE = FreelancerTest/Info.plist;
				LD_RUNPATH_SEARCH_PATHS = (
					"$(inherited)",
					"@executable_path/Frameworks",
				);
				PRODUCT_BUNDLE_IDENTIFIER = cjlo.FreelancerTest;
				PRODUCT_NAME = "$(TARGET_NAME)";
				SWIFT_ENFORCE_EXCLUSIVE_ACCESS = none;
				SWIFT_VERSION = 4.0;
				TARGETED_DEVICE_FAMILY = "1,2";
			};
			name = Debug;
		};
		FEC8C5F621106B06005A1CA6 /* Release */ = {
			isa = XCBuildConfiguration;
			buildSettings = {
				ASSETCATALOG_COMPILER_APPICON_NAME = AppIcon;
				CODE_SIGN_STYLE = Automatic;
				DEVELOPMENT_TEAM = P6JRBSNQBX;
				FRAMEWORK_SEARCH_PATHS = (
					"$(inherited)",
					"$(PROJECT_DIR)/FreelancerTest/Frameworks",
				);
				INFOPLIST_FILE = FreelancerTest/Info.plist;
				LD_RUNPATH_SEARCH_PATHS = (
					"$(inherited)",
					"@executable_path/Frameworks",
				);
				PRODUCT_BUNDLE_IDENTIFIER = cjlo.FreelancerTest;
				PRODUCT_NAME = "$(TARGET_NAME)";
				SWIFT_ENFORCE_EXCLUSIVE_ACCESS = none;
				SWIFT_VERSION = 4.0;
				TARGETED_DEVICE_FAMILY = "1,2";
			};
			name = Release;
		};
		FEC8C5F821106B06005A1CA6 /* Debug */ = {
			isa = XCBuildConfiguration;
			buildSettings = {
				ALWAYS_EMBED_SWIFT_STANDARD_LIBRARIES = YES;
				BUNDLE_LOADER = "$(TEST_HOST)";
				CODE_SIGN_STYLE = Automatic;
				DEVELOPMENT_TEAM = P6JRBSNQBX;
				INFOPLIST_FILE = FreelancerTestTests/Info.plist;
				LD_RUNPATH_SEARCH_PATHS = (
					"$(inherited)",
					"@executable_path/Frameworks",
					"@loader_path/Frameworks",
				);
				PRODUCT_BUNDLE_IDENTIFIER = cjlo.FreelancerTestTests;
				PRODUCT_NAME = "$(TARGET_NAME)";
				SWIFT_VERSION = 4.0;
				TARGETED_DEVICE_FAMILY = "1,2";
				TEST_HOST = "$(BUILT_PRODUCTS_DIR)/FreelancerTest.app/FreelancerTest";
			};
			name = Debug;
		};
		FEC8C5F921106B06005A1CA6 /* Release */ = {
			isa = XCBuildConfiguration;
			buildSettings = {
				ALWAYS_EMBED_SWIFT_STANDARD_LIBRARIES = YES;
				BUNDLE_LOADER = "$(TEST_HOST)";
				CODE_SIGN_STYLE = Automatic;
				DEVELOPMENT_TEAM = P6JRBSNQBX;
				INFOPLIST_FILE = FreelancerTestTests/Info.plist;
				LD_RUNPATH_SEARCH_PATHS = (
					"$(inherited)",
					"@executable_path/Frameworks",
					"@loader_path/Frameworks",
				);
				PRODUCT_BUNDLE_IDENTIFIER = cjlo.FreelancerTestTests;
				PRODUCT_NAME = "$(TARGET_NAME)";
				SWIFT_VERSION = 4.0;
				TARGETED_DEVICE_FAMILY = "1,2";
				TEST_HOST = "$(BUILT_PRODUCTS_DIR)/FreelancerTest.app/FreelancerTest";
			};
			name = Release;
		};
/* End XCBuildConfiguration section */

/* Begin XCConfigurationList section */
		FEC8C5D221106B03005A1CA6 /* Build configuration list for PBXProject "FreelancerTest" */ = {
			isa = XCConfigurationList;
			buildConfigurations = (
				FEC8C5F221106B06005A1CA6 /* Debug */,
				FEC8C5F321106B06005A1CA6 /* Release */,
			);
			defaultConfigurationIsVisible = 0;
			defaultConfigurationName = Release;
		};
		FEC8C5F421106B06005A1CA6 /* Build configuration list for PBXNativeTarget "FreelancerTest" */ = {
			isa = XCConfigurationList;
			buildConfigurations = (
				FEC8C5F521106B06005A1CA6 /* Debug */,
				FEC8C5F621106B06005A1CA6 /* Release */,
			);
			defaultConfigurationIsVisible = 0;
			defaultConfigurationName = Release;
		};
		FEC8C5F721106B06005A1CA6 /* Build configuration list for PBXNativeTarget "FreelancerTestTests" */ = {
			isa = XCConfigurationList;
			buildConfigurations = (
				FEC8C5F821106B06005A1CA6 /* Debug */,
				FEC8C5F921106B06005A1CA6 /* Release */,
			);
			defaultConfigurationIsVisible = 0;
			defaultConfigurationName = Release;
		};
/* End XCConfigurationList section */
	};
	rootObject = FEC8C5CF21106B03005A1CA6 /* Project object */;
}
